
Microsoft Visual Studio Solution File, Format Version 12.00
# Visual Studio Version 16
VisualStudioVersion = 16.0.30907.101
MinimumVisualStudioVersion = 10.0.40219.1
Project("{FAE04EC0-301F-11D3-BF4B-00C04F79EFBC}") = "RealTimeChat", "RealTimeChat.csproj", "{28BA40AC-5D4B-403A-BA05-414A2DE1EEAE}"
EndProject
Global
	GlobalSection(SolutionConfigurationPlatforms) = preSolution
		Debug|Any CPU = Debug|Any CPU
		Release|Any CPU = Release|Any CPU
	EndGlobalSection
	GlobalSection(ProjectConfigurationPlatforms) = postSolution
		{28BA40AC-5D4B-403A-BA05-414A2DE1EEAE}.Debug|Any CPU.ActiveCfg = Debug|Any CPU
		{28BA40AC-5D4B-403A-BA05-414A2DE1EEAE}.Debug|Any CPU.Build.0 = Debug|Any CPU
		{28BA40AC-5D4B-403A-BA05-414A2DE1EEAE}.Release|Any CPU.ActiveCfg = Release|Any CPU
		{28BA40AC-5D4B-403A-BA05-414A2DE1EEAE}.Release|Any CPU.Build.0 = Release|Any CPU
	EndGlobalSection
	GlobalSection(SolutionProperties) = preSolution
		HideSolutionNode = FALSE
	EndGlobalSection
	GlobalSection(ExtensibilityGlobals) = postSolution
		SolutionGuid = {C6F92342-2F38-4536-AFD4-32DEB6E41295}
	EndGlobalSection
EndGlobal
